
Microsoft Visual Studio Solution File, Format Version 12.00
# Visual Studio Version 16
VisualStudioVersion = 16.0.30804.86
MinimumVisualStudioVersion = 10.0.40219.1
Project("{8BC9CEB8-8B4A-11D0-8D11-00A0C91BC942}") = "Problem3_Stack", "Problem3_Stack\Problem3_Stack.vcxproj", "{2A5EE832-6A75-43DC-9D3A-09E33330DC91}"
EndProject
Global
	GlobalSection(SolutionConfigurationPlatforms) = preSolution
		Debug|x64 = Debug|x64
		Debug|x86 = Debug|x86
		Release|x64 = Release|x64
		Release|x86 = Release|x86
	EndGlobalSection
	GlobalSection(ProjectConfigurationPlatforms) = postSolution
		{2A5EE832-6A75-43DC-9D3A-09E33330DC91}.Debug|x64.ActiveCfg = Debug|x64
		{2A5EE832-6A75-43DC-9D3A-09E33330DC91}.Debug|x64.Build.0 = Debug|x64
		{2A5EE832-6A75-43DC-9D3A-09E33330DC91}.Debug|x86.ActiveCfg = Debug|Win32
		{2A5EE832-6A75-43DC-9D3A-09E33330DC91}.Debug|x86.Build.0 = Debug|Win32
		{2A5EE832-6A75-43DC-9D3A-09E33330DC91}.Release|x64.ActiveCfg = Release|x64
		{2A5EE832-6A75-43DC-9D3A-09E33330DC91}.Release|x64.Build.0 = Release|x64
		{2A5EE832-6A75-43DC-9D3A-09E33330DC91}.Release|x86.ActiveCfg = Release|Win32
		{2A5EE832-6A75-43DC-9D3A-09E33330DC91}.Release|x86.Build.0 = Release|Win32
	EndGlobalSection
	GlobalSection(SolutionProperties) = preSolution
		HideSolutionNode = FALSE
	EndGlobalSection
	GlobalSection(ExtensibilityGlobals) = postSolution
		SolutionGuid = {78254FE5-27C7-4E56-AFE3-8BAA214A65B8}
	EndGlobalSection
EndGlobal
